// !$*UTF8*$!
{
	archiveVersion = 1;
	classes = {
	};
	objectVersion = 56;
	objects = {

/* Begin PBXBuildFile section */
		6F4FBCCD29F050E1005AF394 /* CoinbaseWalletSDK in Frameworks */ = {isa = PBXBuildFile; productRef = 6F4FBCCC29F050E1005AF394 /* CoinbaseWalletSDK */; };
		6F9F4B5E29EB336B0035922A /* RedRiverColony_ethApp.swift in Sources */ = {isa = PBXBuildFile; fileRef = 6F9F4B5D29EB336B0035922A /* RedRiverColony_ethApp.swift */; };
		6F9F4B6229EB336C0035922A /* Assets.xcassets in Resources */ = {isa = PBXBuildFile; fileRef = 6F9F4B6129EB336C0035922A /* Assets.xcassets */; };
		6F9F4B6529EB336C0035922A /* Preview Assets.xcassets in Resources */ = {isa = PBXBuildFile; fileRef = 6F9F4B6429EB336C0035922A /* Preview Assets.xcassets */; };
		6F9F4B6F29EB336C0035922A /* RedRiverColony_ethTests.swift in Sources */ = {isa = PBXBuildFile; fileRef = 6F9F4B6E29EB336C0035922A /* RedRiverColony_ethTests.swift */; };
		6F9F4B7929EB336C0035922A /* RedRiverColony_ethUITests.swift in Sources */ = {isa = PBXBuildFile; fileRef = 6F9F4B7829EB336C0035922A /* RedRiverColony_ethUITests.swift */; };
		6F9F4B7B29EB336C0035922A /* RedRiverColony_ethUITestsLaunchTests.swift in Sources */ = {isa = PBXBuildFile; fileRef = 6F9F4B7A29EB336C0035922A /* RedRiverColony_ethUITestsLaunchTests.swift */; };
		6F9F4B8A29EB84270035922A /* web3swift in Frameworks */ = {isa = PBXBuildFile; productRef = 6F9F4B8929EB84270035922A /* web3swift */; };
		6F9F4B9029EB85280035922A /* metamask-ios-sdk in Frameworks */ = {isa = PBXBuildFile; productRef = 6F9F4B8F29EB85280035922A /* metamask-ios-sdk */; };
		6F9F4BA129EB86D50035922A /* ConnectWalletSheetView.swift in Sources */ = {isa = PBXBuildFile; fileRef = 6F9F4B9C29EB86D50035922A /* ConnectWalletSheetView.swift */; };
		6F9F4BA229EB86D50035922A /* Wallet.swift in Sources */ = {isa = PBXBuildFile; fileRef = 6F9F4B9D29EB86D50035922A /* Wallet.swift */; };
		6F9F4BA329EB86D50035922A /* Network.swift in Sources */ = {isa = PBXBuildFile; fileRef = 6F9F4B9E29EB86D50035922A /* Network.swift */; };
		6F9F4BA429EB86D50035922A /* WalletLinkerViewModel.swift in Sources */ = {isa = PBXBuildFile; fileRef = 6F9F4B9F29EB86D50035922A /* WalletLinkerViewModel.swift */; };
		6F9F4BA529EB86D50035922A /* ConnectWalletButton.swift in Sources */ = {isa = PBXBuildFile; fileRef = 6F9F4BA029EB86D50035922A /* ConnectWalletButton.swift */; };
		6F9F4BAF29EB87400035922A /* WalletScreen.swift in Sources */ = {isa = PBXBuildFile; fileRef = 6F9F4BA729EB87400035922A /* WalletScreen.swift */; };
		6F9F4BB029EB87400035922A /* DAppScreen.swift in Sources */ = {isa = PBXBuildFile; fileRef = 6F9F4BA829EB87400035922A /* DAppScreen.swift */; };
		6F9F4BB129EB87400035922A /* MessageView.swift in Sources */ = {isa = PBXBuildFile; fileRef = 6F9F4BA929EB87400035922A /* MessageView.swift */; };
		6F9F4BB229EB87400035922A /* Color.swift in Sources */ = {isa = PBXBuildFile; fileRef = 6F9F4BAA29EB87400035922A /* Color.swift */; };
		6F9F4BB329EB87400035922A /* SIWEDemoView.swift in Sources */ = {isa = PBXBuildFile; fileRef = 6F9F4BAB29EB87400035922A /* SIWEDemoView.swift */; };
		6F9F4BB429EB87400035922A /* DAppViewModel.swift in Sources */ = {isa = PBXBuildFile; fileRef = 6F9F4BAC29EB87400035922A /* DAppViewModel.swift */; };
		6F9F4BB529EB87400035922A /* ArtisticSpinner.swift in Sources */ = {isa = PBXBuildFile; fileRef = 6F9F4BAD29EB87400035922A /* ArtisticSpinner.swift */; };
		6F9F4BB629EB87400035922A /* WalletViewModel.swift in Sources */ = {isa = PBXBuildFile; fileRef = 6F9F4BAE29EB87400035922A /* WalletViewModel.swift */; };
		6F9F4BBB29EB878D0035922A /* ConnectViews.swift in Sources */ = {isa = PBXBuildFile; fileRef = 6F9F4BB829EB878D0035922A /* ConnectViews.swift */; };
		6F9F4BBD29EB878D0035922A /* WalletLinkedViewModel.swift in Sources */ = {isa = PBXBuildFile; fileRef = 6F9F4BBA29EB878D0035922A /* WalletLinkedViewModel.swift */; };
		6F9F4BC029EB8AB00035922A /* SIWEMessage.swift in Sources */ = {isa = PBXBuildFile; fileRef = 6F9F4BBF29EB8AB00035922A /* SIWEMessage.swift */; };
		6F9F4BC429F048320035922A /* ExSoul.Eth in Frameworks */ = {isa = PBXBuildFile; productRef = 6F9F4BC329F048320035922A /* ExSoul.Eth */; };
/* End PBXBuildFile section */

/* Begin PBXContainerItemProxy section */
		6F9F4B6B29EB336C0035922A /* PBXContainerItemProxy */ = {
			isa = PBXContainerItemProxy;
			containerPortal = 6F9F4B5229EB336B0035922A /* Project object */;
			proxyType = 1;
			remoteGlobalIDString = 6F9F4B5929EB336B0035922A;
			remoteInfo = RedRiverColony.eth;
		};
		6F9F4B7529EB336C0035922A /* PBXContainerItemProxy */ = {
			isa = PBXContainerItemProxy;
			containerPortal = 6F9F4B5229EB336B0035922A /* Project object */;
			proxyType = 1;
			remoteGlobalIDString = 6F9F4B5929EB336B0035922A;
			remoteInfo = RedRiverColony.eth;
		};
/* End PBXContainerItemProxy section */

/* Begin PBXFileReference section */
		6F4FBCCB29F050A0005AF394 /* wallet-mobile-sdk-master 2 */ = {isa = PBXFileReference; lastKnownFileType = wrapper; name = "wallet-mobile-sdk-master 2"; path = "../../../../../Downloads/wallet-mobile-sdk-master 2"; sourceTree = "<group>"; };
		6F9F4B5A29EB336B0035922A /* RedRiverColony.eth.app */ = {isa = PBXFileReference; explicitFileType = wrapper.application; includeInIndex = 0; path = RedRiverColony.eth.app; sourceTree = BUILT_PRODUCTS_DIR; };
		6F9F4B5D29EB336B0035922A /* RedRiverColony_ethApp.swift */ = {isa = PBXFileReference; lastKnownFileType = sourcecode.swift; path = RedRiverColony_ethApp.swift; sourceTree = "<group>"; };
		6F9F4B6129EB336C0035922A /* Assets.xcassets */ = {isa = PBXFileReference; lastKnownFileType = folder.assetcatalog; path = Assets.xcassets; sourceTree = "<group>"; };
		6F9F4B6429EB336C0035922A /* Preview Assets.xcassets */ = {isa = PBXFileReference; lastKnownFileType = folder.assetcatalog; path = "Preview Assets.xcassets"; sourceTree = "<group>"; };
		6F9F4B6A29EB336C0035922A /* RedRiverColony.ethTests.xctest */ = {isa = PBXFileReference; explicitFileType = wrapper.cfbundle; includeInIndex = 0; path = RedRiverColony.ethTests.xctest; sourceTree = BUILT_PRODUCTS_DIR; };
		6F9F4B6E29EB336C0035922A /* RedRiverColony_ethTests.swift */ = {isa = PBXFileReference; lastKnownFileType = sourcecode.swift; path = RedRiverColony_ethTests.swift; sourceTree = "<group>"; };
		6F9F4B7429EB336C0035922A /* RedRiverColony.ethUITests.xctest */ = {isa = PBXFileReference; explicitFileType = wrapper.cfbundle; includeInIndex = 0; path = RedRiverColony.ethUITests.xctest; sourceTree = BUILT_PRODUCTS_DIR; };
		6F9F4B7829EB336C0035922A /* RedRiverColony_ethUITests.swift */ = {isa = PBXFileReference; lastKnownFileType = sourcecode.swift; path = RedRiverColony_ethUITests.swift; sourceTree = "<group>"; };
		6F9F4B7A29EB336C0035922A /* RedRiverColony_ethUITestsLaunchTests.swift */ = {isa = PBXFileReference; lastKnownFileType = sourcecode.swift; path = RedRiverColony_ethUITestsLaunchTests.swift; sourceTree = "<group>"; };
		6F9F4B8729EB33900035922A /* ExSoul-Pkg.Eth */ = {isa = PBXFileReference; lastKnownFileType = wrapper; name = "ExSoul-Pkg.Eth"; path = "../../../../ExSoul.ETH/ExSoul-Pkg.Eth"; sourceTree = "<group>"; };
		6F9F4B9C29EB86D50035922A /* ConnectWalletSheetView.swift */ = {isa = PBXFileReference; fileEncoding = 4; lastKnownFileType = sourcecode.swift; path = ConnectWalletSheetView.swift; sourceTree = "<group>"; };
		6F9F4B9D29EB86D50035922A /* Wallet.swift */ = {isa = PBXFileReference; fileEncoding = 4; lastKnownFileType = sourcecode.swift; path = Wallet.swift; sourceTree = "<group>"; };
		6F9F4B9E29EB86D50035922A /* Network.swift */ = {isa = PBXFileReference; fileEncoding = 4; lastKnownFileType = sourcecode.swift; path = Network.swift; sourceTree = "<group>"; };
		6F9F4B9F29EB86D50035922A /* WalletLinkerViewModel.swift */ = {isa = PBXFileReference; fileEncoding = 4; lastKnownFileType = sourcecode.swift; path = WalletLinkerViewModel.swift; sourceTree = "<group>"; };
		6F9F4BA029EB86D50035922A /* ConnectWalletButton.swift */ = {isa = PBXFileReference; fileEncoding = 4; lastKnownFileType = sourcecode.swift; path = ConnectWalletButton.swift; sourceTree = "<group>"; };
		6F9F4BA729EB87400035922A /* WalletScreen.swift */ = {isa = PBXFileReference; fileEncoding = 4; lastKnownFileType = sourcecode.swift; path = WalletScreen.swift; sourceTree = "<group>"; };
		6F9F4BA829EB87400035922A /* DAppScreen.swift */ = {isa = PBXFileReference; fileEncoding = 4; lastKnownFileType = sourcecode.swift; path = DAppScreen.swift; sourceTree = "<group>"; };
		6F9F4BA929EB87400035922A /* MessageView.swift */ = {isa = PBXFileReference; fileEncoding = 4; lastKnownFileType = sourcecode.swift; path = MessageView.swift; sourceTree = "<group>"; };
		6F9F4BAA29EB87400035922A /* Color.swift */ = {isa = PBXFileReference; fileEncoding = 4; lastKnownFileType = sourcecode.swift; path = Color.swift; sourceTree = "<group>"; };
		6F9F4BAB29EB87400035922A /* SIWEDemoView.swift */ = {isa = PBXFileReference; fileEncoding = 4; lastKnownFileType = sourcecode.swift; path = SIWEDemoView.swift; sourceTree = "<group>"; };
		6F9F4BAC29EB87400035922A /* DAppViewModel.swift */ = {isa = PBXFileReference; fileEncoding = 4; lastKnownFileType = sourcecode.swift; path = DAppViewModel.swift; sourceTree = "<group>"; };
		6F9F4BAD29EB87400035922A /* ArtisticSpinner.swift */ = {isa = PBXFileReference; fileEncoding = 4; lastKnownFileType = sourcecode.swift; path = ArtisticSpinner.swift; sourceTree = "<group>"; };
		6F9F4BAE29EB87400035922A /* WalletViewModel.swift */ = {isa = PBXFileReference; fileEncoding = 4; lastKnownFileType = sourcecode.swift; path = WalletViewModel.swift; sourceTree = "<group>"; };
		6F9F4BB829EB878D0035922A /* ConnectViews.swift */ = {isa = PBXFileReference; fileEncoding = 4; lastKnownFileType = sourcecode.swift; path = ConnectViews.swift; sourceTree = "<group>"; };
		6F9F4BBA29EB878D0035922A /* WalletLinkedViewModel.swift */ = {isa = PBXFileReference; fileEncoding = 4; lastKnownFileType = sourcecode.swift; path = WalletLinkedViewModel.swift; sourceTree = "<group>"; };
		6F9F4BBF29EB8AB00035922A /* SIWEMessage.swift */ = {isa = PBXFileReference; fileEncoding = 4; lastKnownFileType = sourcecode.swift; path = SIWEMessage.swift; sourceTree = "<group>"; };
		6F9F4BC129EC7A300035922A /* RedRiverColony.eth.entitlements */ = {isa = PBXFileReference; lastKnownFileType = text.plist.entitlements; path = RedRiverColony.eth.entitlements; sourceTree = "<group>"; };
/* End PBXFileReference section */

/* Begin PBXFrameworksBuildPhase section */
		6F9F4B5729EB336B0035922A /* Frameworks */ = {
			isa = PBXFrameworksBuildPhase;
			buildActionMask = 2147483647;
			files = (
				6F4FBCCD29F050E1005AF394 /* CoinbaseWalletSDK in Frameworks */,
				6F9F4BC429F048320035922A /* ExSoul.Eth in Frameworks */,
				6F9F4B8A29EB84270035922A /* web3swift in Frameworks */,
				6F9F4B9029EB85280035922A /* metamask-ios-sdk in Frameworks */,
			);
			runOnlyForDeploymentPostprocessing = 0;
		};
		6F9F4B6729EB336C0035922A /* Frameworks */ = {
			isa = PBXFrameworksBuildPhase;
			buildActionMask = 2147483647;
			files = (
			);
			runOnlyForDeploymentPostprocessing = 0;
		};
		6F9F4B7129EB336C0035922A /* Frameworks */ = {
			isa = PBXFrameworksBuildPhase;
			buildActionMask = 2147483647;
			files = (
			);
			runOnlyForDeploymentPostprocessing = 0;
		};
/* End PBXFrameworksBuildPhase section */

/* Begin PBXGroup section */
		6F9F4B5129EB336B0035922A = {
			isa = PBXGroup;
			children = (
				6F4FBCCB29F050A0005AF394 /* wallet-mobile-sdk-master 2 */,
				6F9F4B8729EB33900035922A /* ExSoul-Pkg.Eth */,
				6F9F4B5C29EB336B0035922A /* RedRiverColony.eth */,
				6F9F4B6D29EB336C0035922A /* RedRiverColony.ethTests */,
				6F9F4B7729EB336C0035922A /* RedRiverColony.ethUITests */,
				6F9F4B5B29EB336B0035922A /* Products */,
				6F9F4BC229F048310035922A /* Frameworks */,
			);
			sourceTree = "<group>";
		};
		6F9F4B5B29EB336B0035922A /* Products */ = {
			isa = PBXGroup;
			children = (
				6F9F4B5A29EB336B0035922A /* RedRiverColony.eth.app */,
				6F9F4B6A29EB336C0035922A /* RedRiverColony.ethTests.xctest */,
				6F9F4B7429EB336C0035922A /* RedRiverColony.ethUITests.xctest */,
			);
			name = Products;
			sourceTree = "<group>";
		};
		6F9F4B5C29EB336B0035922A /* RedRiverColony.eth */ = {
			isa = PBXGroup;
			children = (
				6F9F4BC129EC7A300035922A /* RedRiverColony.eth.entitlements */,
				6F9F4B5D29EB336B0035922A /* RedRiverColony_ethApp.swift */,
				6F9F4BAA29EB87400035922A /* Color.swift */,
				6F9F4BBE29EB8AA40035922A /* SIWE */,
				6F9F4BB729EB875D0035922A /* SIWEButton */,
				6F9F4BA629EB872D0035922A /* SIWEDemo */,
				6F9F4B9129EB86860035922A /* WalletLink */,
				6F9F4B6129EB336C0035922A /* Assets.xcassets */,
				6F9F4B6329EB336C0035922A /* Preview Content */,
			);
			path = RedRiverColony.eth;
			sourceTree = "<group>";
		};
		6F9F4B6329EB336C0035922A /* Preview Content */ = {
			isa = PBXGroup;
			children = (
				6F9F4B6429EB336C0035922A /* Preview Assets.xcassets */,
			);
			path = "Preview Content";
			sourceTree = "<group>";
		};
		6F9F4B6D29EB336C0035922A /* RedRiverColony.ethTests */ = {
			isa = PBXGroup;
			children = (
				6F9F4B6E29EB336C0035922A /* RedRiverColony_ethTests.swift */,
			);
			path = RedRiverColony.ethTests;
			sourceTree = "<group>";
		};
		6F9F4B7729EB336C0035922A /* RedRiverColony.ethUITests */ = {
			isa = PBXGroup;
			children = (
				6F9F4B7829EB336C0035922A /* RedRiverColony_ethUITests.swift */,
				6F9F4B7A29EB336C0035922A /* RedRiverColony_ethUITestsLaunchTests.swift */,
			);
			path = RedRiverColony.ethUITests;
			sourceTree = "<group>";
		};
		6F9F4B9129EB86860035922A /* WalletLink */ = {
			isa = PBXGroup;
			children = (
				6F9F4BA029EB86D50035922A /* ConnectWalletButton.swift */,
				6F9F4B9C29EB86D50035922A /* ConnectWalletSheetView.swift */,
				6F9F4B9E29EB86D50035922A /* Network.swift */,
				6F9F4B9D29EB86D50035922A /* Wallet.swift */,
				6F9F4B9F29EB86D50035922A /* WalletLinkerViewModel.swift */,
			);
			path = WalletLink;
			sourceTree = "<group>";
		};
		6F9F4BA629EB872D0035922A /* SIWEDemo */ = {
			isa = PBXGroup;
			children = (
				6F9F4BAD29EB87400035922A /* ArtisticSpinner.swift */,
				6F9F4BA829EB87400035922A /* DAppScreen.swift */,
				6F9F4BAC29EB87400035922A /* DAppViewModel.swift */,
				6F9F4BA929EB87400035922A /* MessageView.swift */,
				6F9F4BAB29EB87400035922A /* SIWEDemoView.swift */,
				6F9F4BA729EB87400035922A /* WalletScreen.swift */,
				6F9F4BAE29EB87400035922A /* WalletViewModel.swift */,
			);
			path = SIWEDemo;
			sourceTree = "<group>";
		};
		6F9F4BB729EB875D0035922A /* SIWEButton */ = {
			isa = PBXGroup;
			children = (
				6F9F4BB829EB878D0035922A /* ConnectViews.swift */,
				6F9F4BBA29EB878D0035922A /* WalletLinkedViewModel.swift */,
			);
			path = SIWEButton;
			sourceTree = "<group>";
		};
		6F9F4BBE29EB8AA40035922A /* SIWE */ = {
			isa = PBXGroup;
			children = (
				6F9F4BBF29EB8AB00035922A /* SIWEMessage.swift */,
			);
			path = SIWE;
			sourceTree = "<group>";
		};
		6F9F4BC229F048310035922A /* Frameworks */ = {
			isa = PBXGroup;
			children = (
			);
			name = Frameworks;
			sourceTree = "<group>";
		};
/* End PBXGroup section */

/* Begin PBXNativeTarget section */
		6F9F4B5929EB336B0035922A /* RedRiverColony.eth */ = {
			isa = PBXNativeTarget;
			buildConfigurationList = 6F9F4B7E29EB336C0035922A /* Build configuration list for PBXNativeTarget "RedRiverColony.eth" */;
			buildPhases = (
				6F9F4B5629EB336B0035922A /* Sources */,
				6F9F4B5729EB336B0035922A /* Frameworks */,
				6F9F4B5829EB336B0035922A /* Resources */,
			);
			buildRules = (
			);
			dependencies = (
			);
			name = RedRiverColony.eth;
			packageProductDependencies = (
				6F9F4B8929EB84270035922A /* web3swift */,
				6F9F4B8F29EB85280035922A /* metamask-ios-sdk */,
				6F9F4BC329F048320035922A /* ExSoul.Eth */,
				6F4FBCCC29F050E1005AF394 /* CoinbaseWalletSDK */,
			);
			productName = RedRiverColony.eth;
			productReference = 6F9F4B5A29EB336B0035922A /* RedRiverColony.eth.app */;
			productType = "com.apple.product-type.application";
		};
		6F9F4B6929EB336C0035922A /* RedRiverColony.ethTests */ = {
			isa = PBXNativeTarget;
			buildConfigurationList = 6F9F4B8129EB336C0035922A /* Build configuration list for PBXNativeTarget "RedRiverColony.ethTests" */;
			buildPhases = (
				6F9F4B6629EB336C0035922A /* Sources */,
				6F9F4B6729EB336C0035922A /* Frameworks */,
				6F9F4B6829EB336C0035922A /* Resources */,
			);
			buildRules = (
			);
			dependencies = (
				6F9F4B6C29EB336C0035922A /* PBXTargetDependency */,
			);
			name = RedRiverColony.ethTests;
			productName = RedRiverColony.ethTests;
			productReference = 6F9F4B6A29EB336C0035922A /* RedRiverColony.ethTests.xctest */;
			productType = "com.apple.product-type.bundle.unit-test";
		};
		6F9F4B7329EB336C0035922A /* RedRiverColony.ethUITests */ = {
			isa = PBXNativeTarget;
			buildConfigurationList = 6F9F4B8429EB336C0035922A /* Build configuration list for PBXNativeTarget "RedRiverColony.ethUITests" */;
			buildPhases = (
				6F9F4B7029EB336C0035922A /* Sources */,
				6F9F4B7129EB336C0035922A /* Frameworks */,
				6F9F4B7229EB336C0035922A /* Resources */,
			);
			buildRules = (
			);
			dependencies = (
				6F9F4B7629EB336C0035922A /* PBXTargetDependency */,
			);
			name = RedRiverColony.ethUITests;
			productName = RedRiverColony.ethUITests;
			productReference = 6F9F4B7429EB336C0035922A /* RedRiverColony.ethUITests.xctest */;
			productType = "com.apple.product-type.bundle.ui-testing";
		};
/* End PBXNativeTarget section */

/* Begin PBXProject section */
		6F9F4B5229EB336B0035922A /* Project object */ = {
			isa = PBXProject;
			attributes = {
				BuildIndependentTargetsInParallel = 1;
				LastSwiftUpdateCheck = 1420;
				LastUpgradeCheck = 1420;
				TargetAttributes = {
					6F9F4B5929EB336B0035922A = {
						CreatedOnToolsVersion = 14.2;
					};
					6F9F4B6929EB336C0035922A = {
						CreatedOnToolsVersion = 14.2;
						TestTargetID = 6F9F4B5929EB336B0035922A;
					};
					6F9F4B7329EB336C0035922A = {
						CreatedOnToolsVersion = 14.2;
						TestTargetID = 6F9F4B5929EB336B0035922A;
					};
				};
			};
			buildConfigurationList = 6F9F4B5529EB336B0035922A /* Build configuration list for PBXProject "RedRiverColony.eth" */;
			compatibilityVersion = "Xcode 14.0";
			developmentRegion = en;
			hasScannedForEncodings = 0;
			knownRegions = (
				en,
				Base,
			);
			mainGroup = 6F9F4B5129EB336B0035922A;
			packageReferences = (
				6F9F4B8829EB84270035922A /* XCRemoteSwiftPackageReference "web3swift" */,
				6F9F4B8E29EB85280035922A /* XCRemoteSwiftPackageReference "metamask-ios-sdk" */,
			);
			productRefGroup = 6F9F4B5B29EB336B0035922A /* Products */;
			projectDirPath = "";
			projectRoot = "";
			targets = (
				6F9F4B5929EB336B0035922A /* RedRiverColony.eth */,
				6F9F4B6929EB336C0035922A /* RedRiverColony.ethTests */,
				6F9F4B7329EB336C0035922A /* RedRiverColony.ethUITests */,
			);
		};
/* End PBXProject section */

/* Begin PBXResourcesBuildPhase section */
		6F9F4B5829EB336B0035922A /* Resources */ = {
			isa = PBXResourcesBuildPhase;
			buildActionMask = 2147483647;
			files = (
				6F9F4B6529EB336C0035922A /* Preview Assets.xcassets in Resources */,
				6F9F4B6229EB336C0035922A /* Assets.xcassets in Resources */,
			);
			runOnlyForDeploymentPostprocessing = 0;
		};
		6F9F4B6829EB336C0035922A /* Resources */ = {
			isa = PBXResourcesBuildPhase;
			buildActionMask = 2147483647;
			files = (
			);
			runOnlyForDeploymentPostprocessing = 0;
		};
		6F9F4B7229EB336C0035922A /* Resources */ = {
			isa = PBXResourcesBuildPhase;
			buildActionMask = 2147483647;
			files = (
			);
			runOnlyForDeploymentPostprocessing = 0;
		};
/* End PBXResourcesBuildPhase section */

/* Begin PBXSourcesBuildPhase section */
		6F9F4B5629EB336B0035922A /* Sources */ = {
			isa = PBXSourcesBuildPhase;
			buildActionMask = 2147483647;
			files = (
				6F9F4BA329EB86D50035922A /* Network.swift in Sources */,
				6F9F4BA229EB86D50035922A /* Wallet.swift in Sources */,
				6F9F4BB229EB87400035922A /* Color.swift in Sources */,
				6F9F4BB429EB87400035922A /* DAppViewModel.swift in Sources */,
				6F9F4BA429EB86D50035922A /* WalletLinkerViewModel.swift in Sources */,
				6F9F4BBB29EB878D0035922A /* ConnectViews.swift in Sources */,
				6F9F4BA129EB86D50035922A /* ConnectWalletSheetView.swift in Sources */,
				6F9F4BB329EB87400035922A /* SIWEDemoView.swift in Sources */,
				6F9F4BC029EB8AB00035922A /* SIWEMessage.swift in Sources */,
				6F9F4BBD29EB878D0035922A /* WalletLinkedViewModel.swift in Sources */,
				6F9F4BB129EB87400035922A /* MessageView.swift in Sources */,
				6F9F4BB529EB87400035922A /* ArtisticSpinner.swift in Sources */,
				6F9F4BB029EB87400035922A /* DAppScreen.swift in Sources */,
				6F9F4BA529EB86D50035922A /* ConnectWalletButton.swift in Sources */,
				6F9F4BB629EB87400035922A /* WalletViewModel.swift in Sources */,
				6F9F4BAF29EB87400035922A /* WalletScreen.swift in Sources */,
				6F9F4B5E29EB336B0035922A /* RedRiverColony_ethApp.swift in Sources */,
			);
			runOnlyForDeploymentPostprocessing = 0;
		};
		6F9F4B6629EB336C0035922A /* Sources */ = {
			isa = PBXSourcesBuildPhase;
			buildActionMask = 2147483647;
			files = (
				6F9F4B6F29EB336C0035922A /* RedRiverColony_ethTests.swift in Sources */,
			);
			runOnlyForDeploymentPostprocessing = 0;
		};
		6F9F4B7029EB336C0035922A /* Sources */ = {
			isa = PBXSourcesBuildPhase;
			buildActionMask = 2147483647;
			files = (
				6F9F4B7929EB336C0035922A /* RedRiverColony_ethUITests.swift in Sources */,
				6F9F4B7B29EB336C0035922A /* RedRiverColony_ethUITestsLaunchTests.swift in Sources */,
			);
			runOnlyForDeploymentPostprocessing = 0;
		};
/* End PBXSourcesBuildPhase section */

/* Begin PBXTargetDependency section */
		6F9F4B6C29EB336C0035922A /* PBXTargetDependency */ = {
			isa = PBXTargetDependency;
			target = 6F9F4B5929EB336B0035922A /* RedRiverColony.eth */;
			targetProxy = 6F9F4B6B29EB336C0035922A /* PBXContainerItemProxy */;
		};
		6F9F4B7629EB336C0035922A /* PBXTargetDependency */ = {
			isa = PBXTargetDependency;
			target = 6F9F4B5929EB336B0035922A /* RedRiverColony.eth */;
			targetProxy = 6F9F4B7529EB336C0035922A /* PBXContainerItemProxy */;
		};
/* End PBXTargetDependency section */

/* Begin XCBuildConfiguration section */
		6F9F4B7C29EB336C0035922A /* Debug */ = {
			isa = XCBuildConfiguration;
			buildSettings = {
				ALWAYS_SEARCH_USER_PATHS = NO;
				CLANG_ANALYZER_NONNULL = YES;
				CLANG_ANALYZER_NUMBER_OBJECT_CONVERSION = YES_AGGRESSIVE;
				CLANG_CXX_LANGUAGE_STANDARD = "gnu++20";
				CLANG_ENABLE_MODULES = YES;
				CLANG_ENABLE_OBJC_ARC = YES;
				CLANG_ENABLE_OBJC_WEAK = YES;
				CLANG_WARN_BLOCK_CAPTURE_AUTORELEASING = YES;
				CLANG_WARN_BOOL_CONVERSION = YES;
				CLANG_WARN_COMMA = YES;
				CLANG_WARN_CONSTANT_CONVERSION = YES;
				CLANG_WARN_DEPRECATED_OBJC_IMPLEMENTATIONS = YES;
				CLANG_WARN_DIRECT_OBJC_ISA_USAGE = YES_ERROR;
				CLANG_WARN_DOCUMENTATION_COMMENTS = YES;
				CLANG_WARN_EMPTY_BODY = YES;
				CLANG_WARN_ENUM_CONVERSION = YES;
				CLANG_WARN_INFINITE_RECURSION = YES;
				CLANG_WARN_INT_CONVERSION = YES;
				CLANG_WARN_NON_LITERAL_NULL_CONVERSION = YES;
				CLANG_WARN_OBJC_IMPLICIT_RETAIN_SELF = YES;
				CLANG_WARN_OBJC_LITERAL_CONVERSION = YES;
				CLANG_WARN_OBJC_ROOT_CLASS = YES_ERROR;
				CLANG_WARN_QUOTED_INCLUDE_IN_FRAMEWORK_HEADER = YES;
				CLANG_WARN_RANGE_LOOP_ANALYSIS = YES;
				CLANG_WARN_STRICT_PROTOTYPES = YES;
				CLANG_WARN_SUSPICIOUS_MOVE = YES;
				CLANG_WARN_UNGUARDED_AVAILABILITY = YES_AGGRESSIVE;
				CLANG_WARN_UNREACHABLE_CODE = YES;
				CLANG_WARN__DUPLICATE_METHOD_MATCH = YES;
				COPY_PHASE_STRIP = NO;
				DEBUG_INFORMATION_FORMAT = dwarf;
				ENABLE_STRICT_OBJC_MSGSEND = YES;
				ENABLE_TESTABILITY = YES;
				GCC_C_LANGUAGE_STANDARD = gnu11;
				GCC_DYNAMIC_NO_PIC = NO;
				GCC_NO_COMMON_BLOCKS = YES;
				GCC_OPTIMIZATION_LEVEL = 0;
				GCC_PREPROCESSOR_DEFINITIONS = (
					"DEBUG=1",
					"$(inherited)",
				);
				GCC_WARN_64_TO_32_BIT_CONVERSION = YES;
				GCC_WARN_ABOUT_RETURN_TYPE = YES_ERROR;
				GCC_WARN_UNDECLARED_SELECTOR = YES;
				GCC_WARN_UNINITIALIZED_AUTOS = YES_AGGRESSIVE;
				GCC_WARN_UNUSED_FUNCTION = YES;
				GCC_WARN_UNUSED_VARIABLE = YES;
				IPHONEOS_DEPLOYMENT_TARGET = 16.2;
				MTL_ENABLE_DEBUG_INFO = INCLUDE_SOURCE;
				MTL_FAST_MATH = YES;
				ONLY_ACTIVE_ARCH = YES;
				SDKROOT = iphoneos;
				SWIFT_ACTIVE_COMPILATION_CONDITIONS = DEBUG;
				SWIFT_OPTIMIZATION_LEVEL = "-Onone";
			};
			name = Debug;
		};
		6F9F4B7D29EB336C0035922A /* Release */ = {
			isa = XCBuildConfiguration;
			buildSettings = {
				ALWAYS_SEARCH_USER_PATHS = NO;
				CLANG_ANALYZER_NONNULL = YES;
				CLANG_ANALYZER_NUMBER_OBJECT_CONVERSION = YES_AGGRESSIVE;
				CLANG_CXX_LANGUAGE_STANDARD = "gnu++20";
				CLANG_ENABLE_MODULES = YES;
				CLANG_ENABLE_OBJC_ARC = YES;
				CLANG_ENABLE_OBJC_WEAK = YES;
				CLANG_WARN_BLOCK_CAPTURE_AUTORELEASING = YES;
				CLANG_WARN_BOOL_CONVERSION = YES;
				CLANG_WARN_COMMA = YES;
				CLANG_WARN_CONSTANT_CONVERSION = YES;
				CLANG_WARN_DEPRECATED_OBJC_IMPLEMENTATIONS = YES;
				CLANG_WARN_DIRECT_OBJC_ISA_USAGE = YES_ERROR;
				CLANG_WARN_DOCUMENTATION_COMMENTS = YES;
				CLANG_WARN_EMPTY_BODY = YES;
				CLANG_WARN_ENUM_CONVERSION = YES;
				CLANG_WARN_INFINITE_RECURSION = YES;
				CLANG_WARN_INT_CONVERSION = YES;
				CLANG_WARN_NON_LITERAL_NULL_CONVERSION = YES;
				CLANG_WARN_OBJC_IMPLICIT_RETAIN_SELF = YES;
				CLANG_WARN_OBJC_LITERAL_CONVERSION = YES;
				CLANG_WARN_OBJC_ROOT_CLASS = YES_ERROR;
				CLANG_WARN_QUOTED_INCLUDE_IN_FRAMEWORK_HEADER = YES;
				CLANG_WARN_RANGE_LOOP_ANALYSIS = YES;
				CLANG_WARN_STRICT_PROTOTYPES = YES;
				CLANG_WARN_SUSPICIOUS_MOVE = YES;
				CLANG_WARN_UNGUARDED_AVAILABILITY = YES_AGGRESSIVE;
				CLANG_WARN_UNREACHABLE_CODE = YES;
				CLANG_WARN__DUPLICATE_METHOD_MATCH = YES;
				COPY_PHASE_STRIP = NO;
				DEBUG_INFORMATION_FORMAT = "dwarf-with-dsym";
				ENABLE_NS_ASSERTIONS = NO;
				ENABLE_STRICT_OBJC_MSGSEND = YES;
				GCC_C_LANGUAGE_STANDARD = gnu11;
				GCC_NO_COMMON_BLOCKS = YES;
				GCC_WARN_64_TO_32_BIT_CONVERSION = YES;
				GCC_WARN_ABOUT_RETURN_TYPE = YES_ERROR;
				GCC_WARN_UNDECLARED_SELECTOR = YES;
				GCC_WARN_UNINITIALIZED_AUTOS = YES_AGGRESSIVE;
				GCC_WARN_UNUSED_FUNCTION = YES;
				GCC_WARN_UNUSED_VARIABLE = YES;
				IPHONEOS_DEPLOYMENT_TARGET = 16.2;
				MTL_ENABLE_DEBUG_INFO = NO;
				MTL_FAST_MATH = YES;
				SDKROOT = iphoneos;
				SWIFT_COMPILATION_MODE = wholemodule;
				SWIFT_OPTIMIZATION_LEVEL = "-O";
				VALIDATE_PRODUCT = YES;
			};
			name = Release;
		};
		6F9F4B7F29EB336C0035922A /* Debug */ = {
			isa = XCBuildConfiguration;
			buildSettings = {
				ASSETCATALOG_COMPILER_APPICON_NAME = AppIcon;
				ASSETCATALOG_COMPILER_GLOBAL_ACCENT_COLOR_NAME = AccentColor;
				CODE_SIGN_ENTITLEMENTS = RedRiverColony.eth/RedRiverColony.eth.entitlements;
				CODE_SIGN_STYLE = Automatic;
				CURRENT_PROJECT_VERSION = 1;
				DEVELOPMENT_ASSET_PATHS = "\"RedRiverColony.eth/Preview Content\"";
				DEVELOPMENT_TEAM = U4R9TJ5FN4;
				ENABLE_PREVIEWS = YES;
				GENERATE_INFOPLIST_FILE = YES;
				INFOPLIST_KEY_UIApplicationSceneManifest_Generation = YES;
				INFOPLIST_KEY_UIApplicationSupportsIndirectInputEvents = YES;
				INFOPLIST_KEY_UILaunchScreen_Generation = YES;
				INFOPLIST_KEY_UISupportedInterfaceOrientations_iPad = "UIInterfaceOrientationPortrait UIInterfaceOrientationPortraitUpsideDown UIInterfaceOrientationLandscapeLeft UIInterfaceOrientationLandscapeRight";
				INFOPLIST_KEY_UISupportedInterfaceOrientations_iPhone = "UIInterfaceOrientationPortrait UIInterfaceOrientationLandscapeLeft UIInterfaceOrientationLandscapeRight";
				LD_RUNPATH_SEARCH_PATHS = (
					"$(inherited)",
					"@executable_path/Frameworks",
				);
				MARKETING_VERSION = 1.0;
				PRODUCT_BUNDLE_IDENTIFIER = "ETH.Pharms.RedRiverColony-eth";
				PRODUCT_NAME = "$(TARGET_NAME)";
				SWIFT_EMIT_LOC_STRINGS = YES;
				SWIFT_VERSION = 5.0;
				TARGETED_DEVICE_FAMILY = "1,2";
			};
			name = Debug;
		};
		6F9F4B8029EB336C0035922A /* Release */ = {
			isa = XCBuildConfiguration;
			buildSettings = {
				ASSETCATALOG_COMPILER_APPICON_NAME = AppIcon;
				ASSETCATALOG_COMPILER_GLOBAL_ACCENT_COLOR_NAME = AccentColor;
				CODE_SIGN_ENTITLEMENTS = RedRiverColony.eth/RedRiverColony.eth.entitlements;
				CODE_SIGN_STYLE = Automatic;
				CURRENT_PROJECT_VERSION = 1;
				DEVELOPMENT_ASSET_PATHS = "\"RedRiverColony.eth/Preview Content\"";
				DEVELOPMENT_TEAM = U4R9TJ5FN4;
				ENABLE_PREVIEWS = YES;
				GENERATE_INFOPLIST_FILE = YES;
				INFOPLIST_KEY_UIApplicationSceneManifest_Generation = YES;
				INFOPLIST_KEY_UIApplicationSupportsIndirectInputEvents = YES;
				INFOPLIST_KEY_UILaunchScreen_Generation = YES;
				INFOPLIST_KEY_UISupportedInterfaceOrientations_iPad = "UIInterfaceOrientationPortrait UIInterfaceOrientationPortraitUpsideDown UIInterfaceOrientationLandscapeLeft UIInterfaceOrientationLandscapeRight";
				INFOPLIST_KEY_UISupportedInterfaceOrientations_iPhone = "UIInterfaceOrientationPortrait UIInterfaceOrientationLandscapeLeft UIInterfaceOrientationLandscapeRight";
				LD_RUNPATH_SEARCH_PATHS = (
					"$(inherited)",
					"@executable_path/Frameworks",
				);
				MARKETING_VERSION = 1.0;
				PRODUCT_BUNDLE_IDENTIFIER = "ETH.Pharms.RedRiverColony-eth";
				PRODUCT_NAME = "$(TARGET_NAME)";
				SWIFT_EMIT_LOC_STRINGS = YES;
				SWIFT_VERSION = 5.0;
				TARGETED_DEVICE_FAMILY = "1,2";
			};
			name = Release;
		};
		6F9F4B8229EB336C0035922A /* Debug */ = {
			isa = XCBuildConfiguration;
			buildSettings = {
				ALWAYS_EMBED_SWIFT_STANDARD_LIBRARIES = YES;
				BUNDLE_LOADER = "$(TEST_HOST)";
				CODE_SIGN_STYLE = Automatic;
				CURRENT_PROJECT_VERSION = 1;
				DEVELOPMENT_TEAM = U4R9TJ5FN4;
				GENERATE_INFOPLIST_FILE = YES;
				IPHONEOS_DEPLOYMENT_TARGET = 16.2;
				MARKETING_VERSION = 1.0;
				PRODUCT_BUNDLE_IDENTIFIER = "ETH.Pharms.RedRiverColony-ethTests";
				PRODUCT_NAME = "$(TARGET_NAME)";
				SWIFT_EMIT_LOC_STRINGS = NO;
				SWIFT_VERSION = 5.0;
				TARGETED_DEVICE_FAMILY = "1,2";
				TEST_HOST = "$(BUILT_PRODUCTS_DIR)/RedRiverColony.eth.app/$(BUNDLE_EXECUTABLE_FOLDER_PATH)/RedRiverColony.eth";
			};
			name = Debug;
		};
		6F9F4B8329EB336C0035922A /* Release */ = {
			isa = XCBuildConfiguration;
			buildSettings = {
				ALWAYS_EMBED_SWIFT_STANDARD_LIBRARIES = YES;
				BUNDLE_LOADER = "$(TEST_HOST)";
				CODE_SIGN_STYLE = Automatic;
				CURRENT_PROJECT_VERSION = 1;
				DEVELOPMENT_TEAM = U4R9TJ5FN4;
				GENERATE_INFOPLIST_FILE = YES;
				IPHONEOS_DEPLOYMENT_TARGET = 16.2;
				MARKETING_VERSION = 1.0;
				PRODUCT_BUNDLE_IDENTIFIER = "ETH.Pharms.RedRiverColony-ethTests";
				PRODUCT_NAME = "$(TARGET_NAME)";
				SWIFT_EMIT_LOC_STRINGS = NO;
				SWIFT_VERSION = 5.0;
				TARGETED_DEVICE_FAMILY = "1,2";
				TEST_HOST = "$(BUILT_PRODUCTS_DIR)/RedRiverColony.eth.app/$(BUNDLE_EXECUTABLE_FOLDER_PATH)/RedRiverColony.eth";
			};
			name = Release;
		};
		6F9F4B8529EB336C0035922A /* Debug */ = {
			isa = XCBuildConfiguration;
			buildSettings = {
				ALWAYS_EMBED_SWIFT_STANDARD_LIBRARIES = YES;
				CODE_SIGN_STYLE = Automatic;
				CURRENT_PROJECT_VERSION = 1;
				DEVELOPMENT_TEAM = U4R9TJ5FN4;
				GENERATE_INFOPLIST_FILE = YES;
				MARKETING_VERSION = 1.0;
				PRODUCT_BUNDLE_IDENTIFIER = "ETH.Pharms.RedRiverColony-ethUITests";
				PRODUCT_NAME = "$(TARGET_NAME)";
				SWIFT_EMIT_LOC_STRINGS = NO;
				SWIFT_VERSION = 5.0;
				TARGETED_DEVICE_FAMILY = "1,2";
				TEST_TARGET_NAME = RedRiverColony.eth;
			};
			name = Debug;
		};
		6F9F4B8629EB336C0035922A /* Release */ = {
			isa = XCBuildConfiguration;
			buildSettings = {
				ALWAYS_EMBED_SWIFT_STANDARD_LIBRARIES = YES;
				CODE_SIGN_STYLE = Automatic;
				CURRENT_PROJECT_VERSION = 1;
				DEVELOPMENT_TEAM = U4R9TJ5FN4;
				GENERATE_INFOPLIST_FILE = YES;
				MARKETING_VERSION = 1.0;
				PRODUCT_BUNDLE_IDENTIFIER = "ETH.Pharms.RedRiverColony-ethUITests";
				PRODUCT_NAME = "$(TARGET_NAME)";
				SWIFT_EMIT_LOC_STRINGS = NO;
				SWIFT_VERSION = 5.0;
				TARGETED_DEVICE_FAMILY = "1,2";
				TEST_TARGET_NAME = RedRiverColony.eth;
			};
			name = Release;
		};
/* End XCBuildConfiguration section */

/* Begin XCConfigurationList section */
		6F9F4B5529EB336B0035922A /* Build configuration list for PBXProject "RedRiverColony.eth" */ = {
			isa = XCConfigurationList;
			buildConfigurations = (
				6F9F4B7C29EB336C0035922A /* Debug */,
				6F9F4B7D29EB336C0035922A /* Release */,
			);
			defaultConfigurationIsVisible = 0;
			defaultConfigurationName = Release;
		};
		6F9F4B7E29EB336C0035922A /* Build configuration list for PBXNativeTarget "RedRiverColony.eth" */ = {
			isa = XCConfigurationList;
			buildConfigurations = (
				6F9F4B7F29EB336C0035922A /* Debug */,
				6F9F4B8029EB336C0035922A /* Release */,
			);
			defaultConfigurationIsVisible = 0;
			defaultConfigurationName = Release;
		};
		6F9F4B8129EB336C0035922A /* Build configuration list for PBXNativeTarget "RedRiverColony.ethTests" */ = {
			isa = XCConfigurationList;
			buildConfigurations = (
				6F9F4B8229EB336C0035922A /* Debug */,
				6F9F4B8329EB336C0035922A /* Release */,
			);
			defaultConfigurationIsVisible = 0;
			defaultConfigurationName = Release;
		};
		6F9F4B8429EB336C0035922A /* Build configuration list for PBXNativeTarget "RedRiverColony.ethUITests" */ = {
			isa = XCConfigurationList;
			buildConfigurations = (
				6F9F4B8529EB336C0035922A /* Debug */,
				6F9F4B8629EB336C0035922A /* Release */,
			);
			defaultConfigurationIsVisible = 0;
			defaultConfigurationName = Release;
		};
/* End XCConfigurationList section */

/* Begin XCRemoteSwiftPackageReference section */
		6F9F4B8829EB84270035922A /* XCRemoteSwiftPackageReference "web3swift" */ = {
			isa = XCRemoteSwiftPackageReference;
			repositoryURL = "https://github.com/web3swift-team/web3swift";
			requirement = {
				kind = upToNextMajorVersion;
				minimumVersion = 3.0.0;
			};
		};
		6F9F4B8E29EB85280035922A /* XCRemoteSwiftPackageReference "metamask-ios-sdk" */ = {
			isa = XCRemoteSwiftPackageReference;
			repositoryURL = "https://github.com/MetaMask/metamask-ios-sdk";
			requirement = {
				kind = upToNextMajorVersion;
				minimumVersion = 0.1.1;
			};
		};
/* End XCRemoteSwiftPackageReference section */

/* Begin XCSwiftPackageProductDependency section */
		6F4FBCCC29F050E1005AF394 /* CoinbaseWalletSDK */ = {
			isa = XCSwiftPackageProductDependency;
			productName = CoinbaseWalletSDK;
		};
		6F9F4B8929EB84270035922A /* web3swift */ = {
			isa = XCSwiftPackageProductDependency;
			package = 6F9F4B8829EB84270035922A /* XCRemoteSwiftPackageReference "web3swift" */;
			productName = web3swift;
		};
		6F9F4B8F29EB85280035922A /* metamask-ios-sdk */ = {
			isa = XCSwiftPackageProductDependency;
			package = 6F9F4B8E29EB85280035922A /* XCRemoteSwiftPackageReference "metamask-ios-sdk" */;
			productName = "metamask-ios-sdk";
		};
		6F9F4BC329F048320035922A /* ExSoul.Eth */ = {
			isa = XCSwiftPackageProductDependency;
			productName = ExSoul.Eth;
		};
/* End XCSwiftPackageProductDependency section */
	};
	rootObject = 6F9F4B5229EB336B0035922A /* Project object */;
}
